
Microsoft Visual Studio Solution File, Format Version 12.00
Project("{FAE04EC0-301F-11D3-BF4B-00C04F79EFBC}") = "RabbitPublisher", "RabbitPublisher\RabbitPublisher.csproj", "{0DE78281-DAE2-4279-9B79-82B6A2455A2D}"
EndProject
Project("{FAE04EC0-301F-11D3-BF4B-00C04F79EFBC}") = "RabbitConsumer1", "RabbitConsumer1\RabbitConsumer1.csproj", "{303EB460-EA8D-4039-A04F-B09D620E60AE}"
EndProject
Project("{FAE04EC0-301F-11D3-BF4B-00C04F79EFBC}") = "RabbitConsumer2", "RabbitConsumer2\RabbitConsumer2.csproj", "{DDDD5306-1C44-485E-B84C-D57DAAEEA1DC}"
EndProject
Global
	GlobalSection(SolutionConfigurationPlatforms) = preSolution
		Debug|Any CPU = Debug|Any CPU
		Release|Any CPU = Release|Any CPU
	EndGlobalSection
	GlobalSection(ProjectConfigurationPlatforms) = postSolution
		{0DE78281-DAE2-4279-9B79-82B6A2455A2D}.Debug|Any CPU.ActiveCfg = Debug|Any CPU
		{0DE78281-DAE2-4279-9B79-82B6A2455A2D}.Debug|Any CPU.Build.0 = Debug|Any CPU
		{0DE78281-DAE2-4279-9B79-82B6A2455A2D}.Release|Any CPU.ActiveCfg = Release|Any CPU
		{0DE78281-DAE2-4279-9B79-82B6A2455A2D}.Release|Any CPU.Build.0 = Release|Any CPU
		{303EB460-EA8D-4039-A04F-B09D620E60AE}.Debug|Any CPU.ActiveCfg = Debug|Any CPU
		{303EB460-EA8D-4039-A04F-B09D620E60AE}.Debug|Any CPU.Build.0 = Debug|Any CPU
		{303EB460-EA8D-4039-A04F-B09D620E60AE}.Release|Any CPU.ActiveCfg = Release|Any CPU
		{303EB460-EA8D-4039-A04F-B09D620E60AE}.Release|Any CPU.Build.0 = Release|Any CPU
		{DDDD5306-1C44-485E-B84C-D57DAAEEA1DC}.Debug|Any CPU.ActiveCfg = Debug|Any CPU
		{DDDD5306-1C44-485E-B84C-D57DAAEEA1DC}.Debug|Any CPU.Build.0 = Debug|Any CPU
		{DDDD5306-1C44-485E-B84C-D57DAAEEA1DC}.Release|Any CPU.ActiveCfg = Release|Any CPU
		{DDDD5306-1C44-485E-B84C-D57DAAEEA1DC}.Release|Any CPU.Build.0 = Release|Any CPU
	EndGlobalSection
EndGlobal
